
Microsoft Visual Studio Solution File, Format Version 12.00
Project("{FAE04EC0-301F-11D3-BF4B-00C04F79EFBC}") = "BiliBili Anchor Assistant", "BiliBili Anchor Assistant.csproj", "{D63F5D6F-32C1-476C-BE08-3582E1F274F1}"
EndProject
Global
	GlobalSection(SolutionConfigurationPlatforms) = preSolution
		Debug|Any CPU = Debug|Any CPU
		Release|Any CPU = Release|Any CPU
	EndGlobalSection
	GlobalSection(ProjectConfigurationPlatforms) = postSolution
		{D63F5D6F-32C1-476C-BE08-3582E1F274F1}.Debug|Any CPU.ActiveCfg = Debug|Any CPU
		{D63F5D6F-32C1-476C-BE08-3582E1F274F1}.Debug|Any CPU.Build.0 = Debug|Any CPU
		{D63F5D6F-32C1-476C-BE08-3582E1F274F1}.Release|Any CPU.ActiveCfg = Release|Any CPU
		{D63F5D6F-32C1-476C-BE08-3582E1F274F1}.Release|Any CPU.Build.0 = Release|Any CPU
	EndGlobalSection
EndGlobal
